
Microsoft Visual Studio Solution File, Format Version 12.00
# Visual Studio 14
VisualStudioVersion = 14.0.25420.1
MinimumVisualStudioVersion = 10.0.40219.1
Project("{FAE04EC0-301F-11D3-BF4B-00C04F79EFBC}") = "Apprenda-Glacier", "..\..\Apprenda-AWS-Glacier\Amazon Glacier AddOn\Apprenda-Glacier.csproj", "{78545FFF-B690-4FC3-B140-970C2E5E8180}"
EndProject
Project("{FAE04EC0-301F-11D3-BF4B-00C04F79EFBC}") = "Apprenda-RDS", "..\..\Apprenda-AWS-RDS\Amazon RDS AddOn\Apprenda-RDS.csproj", "{2A594CB1-D5EF-4D5E-B7D6-205A3E278B2B}"
EndProject
Project("{FAE04EC0-301F-11D3-BF4B-00C04F79EFBC}") = "Apprenda-Redshift", "..\..\Apprenda-AWS-Redshift\Amazon Redshift Addon\Apprenda-Redshift.csproj", "{22A64B89-56D8-445E-86E9-F8A03D11C485}"
EndProject
Project("{FAE04EC0-301F-11D3-BF4B-00C04F79EFBC}") = "Apprenda-S3", "..\..\Apprenda-AWS-S3\Amazon S3 AddOn\Apprenda-S3.csproj", "{45464494-E0E1-44E2-B3F5-68BD5660B921}"
EndProject
Project("{FAE04EC0-301F-11D3-BF4B-00C04F79EFBC}") = "Apprenda-SNS", "..\..\Apprenda-AWS-SNS\Amazon SNS AddOn\Apprenda-SNS.csproj", "{028A908D-B002-493C-B0D8-DD8D23741DC8}"
EndProject
Project("{FAE04EC0-301F-11D3-BF4B-00C04F79EFBC}") = "Apprenda-SQS", "..\..\Apprenda-AWS-SQS\Amazon SQS AddOn\Apprenda-SQS.csproj", "{ED935B62-0B85-4B38-BCF6-B9F9BEAC8704}"
EndProject
Project("{FAE04EC0-301F-11D3-BF4B-00C04F79EFBC}") = "AWS-Utilities", "AWS-Utilities\AWS-Utilities.csproj", "{7672A36C-D531-4FCB-8071-9054B301D087}"
EndProject
Project("{FAE04EC0-301F-11D3-BF4B-00C04F79EFBC}") = "Apprenda-AWS.Test", "Apprenda-AWS.Test\Apprenda-AWS.Test.csproj", "{DD979713-796B-4273-A268-784BF53A57E5}"
EndProject
Project("{FAE04EC0-301F-11D3-BF4B-00C04F79EFBC}") = "Apprenda-EC2-AMI", "..\..\Apprenda-EC2-AMI\Apprenda-EC2-AMI.csproj", "{D74D6061-9D55-4C37-AA8B-CEA6356D7108}"
EndProject
Project("{FAE04EC0-301F-11D3-BF4B-00C04F79EFBC}") = "Apprenda-Lambda", "..\..\Apprenda-Lambda\Apprenda-Lambda.csproj", "{88A6FEB6-6B1D-4B01-8900-0955DFC51141}"
EndProject
Global
	GlobalSection(SolutionConfigurationPlatforms) = preSolution
		Debug|Any CPU = Debug|Any CPU
		Release|Any CPU = Release|Any CPU
	EndGlobalSection
	GlobalSection(ProjectConfigurationPlatforms) = postSolution
		{78545FFF-B690-4FC3-B140-970C2E5E8180}.Debug|Any CPU.ActiveCfg = Debug|Any CPU
		{78545FFF-B690-4FC3-B140-970C2E5E8180}.Debug|Any CPU.Build.0 = Debug|Any CPU
		{78545FFF-B690-4FC3-B140-970C2E5E8180}.Release|Any CPU.ActiveCfg = Release|Any CPU
		{78545FFF-B690-4FC3-B140-970C2E5E8180}.Release|Any CPU.Build.0 = Release|Any CPU
		{2A594CB1-D5EF-4D5E-B7D6-205A3E278B2B}.Debug|Any CPU.ActiveCfg = Debug|Any CPU
		{2A594CB1-D5EF-4D5E-B7D6-205A3E278B2B}.Debug|Any CPU.Build.0 = Debug|Any CPU
		{2A594CB1-D5EF-4D5E-B7D6-205A3E278B2B}.Release|Any CPU.ActiveCfg = Release|Any CPU
		{2A594CB1-D5EF-4D5E-B7D6-205A3E278B2B}.Release|Any CPU.Build.0 = Release|Any CPU
		{22A64B89-56D8-445E-86E9-F8A03D11C485}.Debug|Any CPU.ActiveCfg = Debug|Any CPU
		{22A64B89-56D8-445E-86E9-F8A03D11C485}.Debug|Any CPU.Build.0 = Debug|Any CPU
		{22A64B89-56D8-445E-86E9-F8A03D11C485}.Release|Any CPU.ActiveCfg = Release|Any CPU
		{22A64B89-56D8-445E-86E9-F8A03D11C485}.Release|Any CPU.Build.0 = Release|Any CPU
		{45464494-E0E1-44E2-B3F5-68BD5660B921}.Debug|Any CPU.ActiveCfg = Debug|Any CPU
		{45464494-E0E1-44E2-B3F5-68BD5660B921}.Debug|Any CPU.Build.0 = Debug|Any CPU
		{45464494-E0E1-44E2-B3F5-68BD5660B921}.Release|Any CPU.ActiveCfg = Release|Any CPU
		{45464494-E0E1-44E2-B3F5-68BD5660B921}.Release|Any CPU.Build.0 = Release|Any CPU
		{028A908D-B002-493C-B0D8-DD8D23741DC8}.Debug|Any CPU.ActiveCfg = Debug|Any CPU
		{028A908D-B002-493C-B0D8-DD8D23741DC8}.Debug|Any CPU.Build.0 = Debug|Any CPU
		{028A908D-B002-493C-B0D8-DD8D23741DC8}.Release|Any CPU.ActiveCfg = Release|Any CPU
		{028A908D-B002-493C-B0D8-DD8D23741DC8}.Release|Any CPU.Build.0 = Release|Any CPU
		{ED935B62-0B85-4B38-BCF6-B9F9BEAC8704}.Debug|Any CPU.ActiveCfg = Debug|Any CPU
		{ED935B62-0B85-4B38-BCF6-B9F9BEAC8704}.Debug|Any CPU.Build.0 = Debug|Any CPU
		{ED935B62-0B85-4B38-BCF6-B9F9BEAC8704}.Release|Any CPU.ActiveCfg = Release|Any CPU
		{ED935B62-0B85-4B38-BCF6-B9F9BEAC8704}.Release|Any CPU.Build.0 = Release|Any CPU
		{7672A36C-D531-4FCB-8071-9054B301D087}.Debug|Any CPU.ActiveCfg = Debug|Any CPU
		{7672A36C-D531-4FCB-8071-9054B301D087}.Debug|Any CPU.Build.0 = Debug|Any CPU
		{7672A36C-D531-4FCB-8071-9054B301D087}.Release|Any CPU.ActiveCfg = Release|Any CPU
		{7672A36C-D531-4FCB-8071-9054B301D087}.Release|Any CPU.Build.0 = Release|Any CPU
		{DD979713-796B-4273-A268-784BF53A57E5}.Debug|Any CPU.ActiveCfg = Debug|Any CPU
		{DD979713-796B-4273-A268-784BF53A57E5}.Debug|Any CPU.Build.0 = Debug|Any CPU
		{DD979713-796B-4273-A268-784BF53A57E5}.Release|Any CPU.ActiveCfg = Release|Any CPU
		{DD979713-796B-4273-A268-784BF53A57E5}.Release|Any CPU.Build.0 = Release|Any CPU
		{D74D6061-9D55-4C37-AA8B-CEA6356D7108}.Debug|Any CPU.ActiveCfg = Debug|Any CPU
		{D74D6061-9D55-4C37-AA8B-CEA6356D7108}.Debug|Any CPU.Build.0 = Debug|Any CPU
		{D74D6061-9D55-4C37-AA8B-CEA6356D7108}.Release|Any CPU.ActiveCfg = Release|Any CPU
		{D74D6061-9D55-4C37-AA8B-CEA6356D7108}.Release|Any CPU.Build.0 = Release|Any CPU
		{88A6FEB6-6B1D-4B01-8900-0955DFC51141}.Debug|Any CPU.ActiveCfg = Debug|Any CPU
		{88A6FEB6-6B1D-4B01-8900-0955DFC51141}.Debug|Any CPU.Build.0 = Debug|Any CPU
		{88A6FEB6-6B1D-4B01-8900-0955DFC51141}.Release|Any CPU.ActiveCfg = Release|Any CPU
		{88A6FEB6-6B1D-4B01-8900-0955DFC51141}.Release|Any CPU.Build.0 = Release|Any CPU
	EndGlobalSection
	GlobalSection(SolutionProperties) = preSolution
		HideSolutionNode = FALSE
	EndGlobalSection
EndGlobal
